
Microsoft Visual Studio Solution File, Format Version 12.00
# Visual Studio Version 16
VisualStudioVersion = 16.0.31005.135
MinimumVisualStudioVersion = 10.0.40219.1
Project("{FAE04EC0-301F-11D3-BF4B-00C04F79EFBC}") = "MyDictionary", "MyDictionary\MyDictionary.csproj", "{2E8267B1-1D12-49D7-8CF1-1083A5CCA147}"
EndProject
Global
	GlobalSection(SolutionConfigurationPlatforms) = preSolution
		Debug|Any CPU = Debug|Any CPU
		Release|Any CPU = Release|Any CPU
	EndGlobalSection
	GlobalSection(ProjectConfigurationPlatforms) = postSolution
		{2E8267B1-1D12-49D7-8CF1-1083A5CCA147}.Debug|Any CPU.ActiveCfg = Debug|Any CPU
		{2E8267B1-1D12-49D7-8CF1-1083A5CCA147}.Debug|Any CPU.Build.0 = Debug|Any CPU
		{2E8267B1-1D12-49D7-8CF1-1083A5CCA147}.Release|Any CPU.ActiveCfg = Release|Any CPU
		{2E8267B1-1D12-49D7-8CF1-1083A5CCA147}.Release|Any CPU.Build.0 = Release|Any CPU
	EndGlobalSection
	GlobalSection(SolutionProperties) = preSolution
		HideSolutionNode = FALSE
	EndGlobalSection
	GlobalSection(ExtensibilityGlobals) = postSolution
		SolutionGuid = {DE79E03F-C66A-447C-827C-431238FF94C8}
	EndGlobalSection
EndGlobal
